
Microsoft Visual Studio Solution File, Format Version 12.00
# Visual Studio 15
VisualStudioVersion = 15.0.27004.2006
MinimumVisualStudioVersion = 10.0.40219.1
Project("{FAE04EC0-301F-11D3-BF4B-00C04F79EFBC}") = "WebAPI", "WebAPI\WebAPI.csproj", "{4AE7D5C1-9A20-4B1F-98EA-6DB63FACC811}"
EndProject
Project("{E24C65DC-7377-472B-9ABA-BC803B73C61A}") = "WebClient", "WebClient\", "{1F839D9C-1F3C-4D18-82C3-81731F9F1694}"
	ProjectSection(WebsiteProperties) = preProject
		TargetFrameworkMoniker = ".NETFramework,Version%3Dv4.6.1"
		Debug.AspNetCompiler.VirtualPath = "/localhost_13972"
		Debug.AspNetCompiler.PhysicalPath = "WebClient\"
		Debug.AspNetCompiler.TargetPath = "PrecompiledWeb\localhost_13972\"
		Debug.AspNetCompiler.Updateable = "true"
		Debug.AspNetCompiler.ForceOverwrite = "true"
		Debug.AspNetCompiler.FixedNames = "false"
		Debug.AspNetCompiler.Debug = "True"
		Release.AspNetCompiler.VirtualPath = "/localhost_13972"
		Release.AspNetCompiler.PhysicalPath = "WebClient\"
		Release.AspNetCompiler.TargetPath = "PrecompiledWeb\localhost_13972\"
		Release.AspNetCompiler.Updateable = "true"
		Release.AspNetCompiler.ForceOverwrite = "true"
		Release.AspNetCompiler.FixedNames = "false"
		Release.AspNetCompiler.Debug = "False"
		VWDPort = "13972"
		SlnRelativePath = "WebClient\"
		DefaultWebSiteLanguage = "Visual C#"
	EndProjectSection
EndProject
Global
	GlobalSection(SolutionConfigurationPlatforms) = preSolution
		Debug|Any CPU = Debug|Any CPU
		Release|Any CPU = Release|Any CPU
	EndGlobalSection
	GlobalSection(ProjectConfigurationPlatforms) = postSolution
		{4AE7D5C1-9A20-4B1F-98EA-6DB63FACC811}.Debug|Any CPU.ActiveCfg = Debug|Any CPU
		{4AE7D5C1-9A20-4B1F-98EA-6DB63FACC811}.Debug|Any CPU.Build.0 = Debug|Any CPU
		{4AE7D5C1-9A20-4B1F-98EA-6DB63FACC811}.Release|Any CPU.ActiveCfg = Release|Any CPU
		{4AE7D5C1-9A20-4B1F-98EA-6DB63FACC811}.Release|Any CPU.Build.0 = Release|Any CPU
		{1F839D9C-1F3C-4D18-82C3-81731F9F1694}.Debug|Any CPU.ActiveCfg = Debug|Any CPU
		{1F839D9C-1F3C-4D18-82C3-81731F9F1694}.Debug|Any CPU.Build.0 = Debug|Any CPU
		{1F839D9C-1F3C-4D18-82C3-81731F9F1694}.Release|Any CPU.ActiveCfg = Debug|Any CPU
		{1F839D9C-1F3C-4D18-82C3-81731F9F1694}.Release|Any CPU.Build.0 = Debug|Any CPU
	EndGlobalSection
	GlobalSection(SolutionProperties) = preSolution
		HideSolutionNode = FALSE
	EndGlobalSection
	GlobalSection(ExtensibilityGlobals) = postSolution
		SolutionGuid = {768086FF-A4C7-4477-B57D-AB774EBAC7D1}
	EndGlobalSection
EndGlobal
